
Microsoft Visual Studio Solution File, Format Version 12.00
# Visual Studio 15
VisualStudioVersion = 15.0.27004.2005
MinimumVisualStudioVersion = 10.0.40219.1
Project("{FAE04EC0-301F-11D3-BF4B-00C04F79EFBC}") = "Классы (библиотека)", "Классы\Классы (библиотека).csproj", "{CD3EEFDE-74ED-48DA-8E82-1E6ABAB1A140}"
EndProject
Project("{FAE04EC0-301F-11D3-BF4B-00C04F79EFBC}") = "Консоль (тестирование)", "Консоль\Консоль (тестирование).csproj", "{838570D2-DB6A-4D32-8E69-F2FC0E11B316}"
EndProject
Project("{2150E333-8FDC-42A3-9474-1A3956D46DE8}") = "ДОПОЛНЕНИЯ", "ДОПОЛНЕНИЯ", "{D6141927-78B8-4569-AAAF-F0B82F32FFB5}"
EndProject
Project("{FAE04EC0-301F-11D3-BF4B-00C04F79EFBC}") = "Библиотека графики", "Библиотека графики\Библиотека графики.csproj", "{CE3C0ED7-208C-4043-89A9-19E93F1E2E46}"
EndProject
Project("{F2A71F9B-5D33-465A-A702-920D77279786}") = "FSlib", "FSlib\FSlib.fsproj", "{3295FD14-20DD-4E00-8B21-2A4F409FE2E8}"
EndProject
Project("{F2A71F9B-5D33-465A-A702-920D77279786}") = "FStest", "FStest\FStest.fsproj", "{E6973C12-3D1D-4A7D-9188-F9C67B4FB691}"
EndProject
Project("{FAE04EC0-301F-11D3-BF4B-00C04F79EFBC}") = "Computator.NET", "Computator.NET-master\Computator.NET\Computator.NET.csproj", "{5731ED79-DFC9-41D5-8A2E-82C578AD1D96}"
EndProject
Project("{9A19103F-16F7-4668-BE54-9A1E7A4F7556}") = "Computator.NET.Core", "Computator.NET-master\Computator.NET.Core\Computator.NET.Core.csproj", "{B1B07FFD-6AF3-4A01-A839-6B652E4B3429}"
EndProject
Project("{9A19103F-16F7-4668-BE54-9A1E7A4F7556}") = "Computator.NET.DataTypes", "Computator.NET-master\Computator.NET.DataTypes\Computator.NET.DataTypes.csproj", "{F8B93385-A26C-4363-B73A-59C324F9BE84}"
EndProject
Project("{9A19103F-16F7-4668-BE54-9A1E7A4F7556}") = "Computator.NET.Localization", "Computator.NET-master\Computator.NET.Localization\Computator.NET.Localization.csproj", "{8F258322-DDFB-4E57-BA9B-E70B06EDEF82}"
EndProject
Project("{FAE04EC0-301F-11D3-BF4B-00C04F79EFBC}") = "nzy3d-winformsDemo", "nzy3d-api-master\nzy3d-api-master\nzy3d-winformsDemo\nzy3d-winformsDemo.csproj", "{8C148A22-B1DE-44F2-AEA8-90853DCA6EFE}"
EndProject
Project("{FAE04EC0-301F-11D3-BF4B-00C04F79EFBC}") = "nzy3d-api", "nzy3d-api-master\nzy3d-api-master\nzy3d-api\nzy3d-api.csproj", "{6E3BDDD2-540E-4B95-96CB-A9BF119E1241}"
EndProject
Project("{FAE04EC0-301F-11D3-BF4B-00C04F79EFBC}") = "nzy3d-wpfDemo", "nzy3d-api-master\nzy3d-api-master\nzy3d-wpfDemo\nzy3d-wpfDemo.csproj", "{BE0A618C-AB04-4CCE-8831-8495A8A1E18E}"
EndProject
Project("{DA7A21FA-8162-4350-AD77-A8D1B671F3ED}") = "RProject", "RProject\RProject.rxproj", "{16D637F8-9898-44D2-B18E-6D28CD15F2A7}"
EndProject
Project("{FAE04EC0-301F-11D3-BF4B-00C04F79EFBC}") = "Demo_For_FlexibleMessageBox", "ДОПОЛНЕНИЯ\Demo_For_FlexibleMessageBox-noexe\Demo_For_FlexibleMessageBox\Demo_For_FlexibleMessageBox.csproj", "{F1FD937B-C84E-4F6C-B533-4982BD43914F}"
EndProject
Project("{FAE04EC0-301F-11D3-BF4B-00C04F79EFBC}") = "UnitTestProject", "UnitTestProject\UnitTestProject.csproj", "{097D9D7A-ABEF-4409-AAD2-624EF14F63A6}"
EndProject
Project("{FAE04EC0-301F-11D3-BF4B-00C04F79EFBC}") = "Defect2019", "Defect2019\Defect2019.csproj", "{E5295DF8-8E87-467F-B0E5-B914161C3016}"
EndProject
Project("{2150E333-8FDC-42A3-9474-1A3956D46DE8}") = "Мои библиотеки", "Мои библиотеки", "{18053151-C483-42A6-967D-4DA644F6A210}"
EndProject
Project("{2150E333-8FDC-42A3-9474-1A3956D46DE8}") = "Тестирование", "Тестирование", "{A0C2C9F8-0AFD-4623-ADE3-40AA966DD037}"
EndProject
Project("{FAE04EC0-301F-11D3-BF4B-00C04F79EFBC}") = "PS5000ABlockCapture", "ps5000a\PS5000ABlockCapture\PS5000ABlockCapture.csproj", "{4F428783-F8A0-4553-B2FD-5307FF8FEA45}"
EndProject
Project("{FAE04EC0-301F-11D3-BF4B-00C04F79EFBC}") = "PS5000ASigGen", "ps5000a\PS5000aSigGen\PS5000ASigGen.csproj", "{793E38DD-D2B9-4798-A33B-9894A68F7ED9}"
EndProject
Project("{FAE04EC0-301F-11D3-BF4B-00C04F79EFBC}") = "PS5000AStreamingConsole", "ps5000a\PS5000AStreamingConsole\PS5000AStreamingConsole.csproj", "{B0E6F544-8904-4503-80B5-134E9C8D45AC}"
EndProject
Project("{FAE04EC0-301F-11D3-BF4B-00C04F79EFBC}") = "OptimisationTest", "OptimisationTest\OptimisationTest.csproj", "{E2BBA9E9-9D6A-43DB-BE77-461E97BDAF0A}"
EndProject
Global
	GlobalSection(SolutionConfigurationPlatforms) = preSolution
		Debug|Any CPU = Debug|Any CPU
		Debug|x64 = Debug|x64
		Debug|x86 = Debug|x86
		Release|Any CPU = Release|Any CPU
		Release|x64 = Release|x64
		Release|x86 = Release|x86
	EndGlobalSection
	GlobalSection(ProjectConfigurationPlatforms) = postSolution
		{CD3EEFDE-74ED-48DA-8E82-1E6ABAB1A140}.Debug|Any CPU.ActiveCfg = Debug|Any CPU
		{CD3EEFDE-74ED-48DA-8E82-1E6ABAB1A140}.Debug|Any CPU.Build.0 = Debug|Any CPU
		{CD3EEFDE-74ED-48DA-8E82-1E6ABAB1A140}.Debug|x64.ActiveCfg = Debug|Any CPU
		{CD3EEFDE-74ED-48DA-8E82-1E6ABAB1A140}.Debug|x64.Build.0 = Debug|Any CPU
		{CD3EEFDE-74ED-48DA-8E82-1E6ABAB1A140}.Debug|x86.ActiveCfg = Debug|Any CPU
		{CD3EEFDE-74ED-48DA-8E82-1E6ABAB1A140}.Debug|x86.Build.0 = Debug|Any CPU
		{CD3EEFDE-74ED-48DA-8E82-1E6ABAB1A140}.Release|Any CPU.ActiveCfg = Release|Any CPU
		{CD3EEFDE-74ED-48DA-8E82-1E6ABAB1A140}.Release|Any CPU.Build.0 = Release|Any CPU
		{CD3EEFDE-74ED-48DA-8E82-1E6ABAB1A140}.Release|x64.ActiveCfg = Release|Any CPU
		{CD3EEFDE-74ED-48DA-8E82-1E6ABAB1A140}.Release|x64.Build.0 = Release|Any CPU
		{CD3EEFDE-74ED-48DA-8E82-1E6ABAB1A140}.Release|x86.ActiveCfg = Release|Any CPU
		{CD3EEFDE-74ED-48DA-8E82-1E6ABAB1A140}.Release|x86.Build.0 = Release|Any CPU
		{838570D2-DB6A-4D32-8E69-F2FC0E11B316}.Debug|Any CPU.ActiveCfg = Debug|Any CPU
		{838570D2-DB6A-4D32-8E69-F2FC0E11B316}.Debug|Any CPU.Build.0 = Debug|Any CPU
		{838570D2-DB6A-4D32-8E69-F2FC0E11B316}.Debug|x64.ActiveCfg = Debug|Any CPU
		{838570D2-DB6A-4D32-8E69-F2FC0E11B316}.Debug|x64.Build.0 = Debug|Any CPU
		{838570D2-DB6A-4D32-8E69-F2FC0E11B316}.Debug|x86.ActiveCfg = Debug|Any CPU
		{838570D2-DB6A-4D32-8E69-F2FC0E11B316}.Debug|x86.Build.0 = Debug|Any CPU
		{838570D2-DB6A-4D32-8E69-F2FC0E11B316}.Release|Any CPU.ActiveCfg = Release|Any CPU
		{838570D2-DB6A-4D32-8E69-F2FC0E11B316}.Release|Any CPU.Build.0 = Release|Any CPU
		{838570D2-DB6A-4D32-8E69-F2FC0E11B316}.Release|x64.ActiveCfg = Release|Any CPU
		{838570D2-DB6A-4D32-8E69-F2FC0E11B316}.Release|x64.Build.0 = Release|Any CPU
		{838570D2-DB6A-4D32-8E69-F2FC0E11B316}.Release|x86.ActiveCfg = Release|Any CPU
		{838570D2-DB6A-4D32-8E69-F2FC0E11B316}.Release|x86.Build.0 = Release|Any CPU
		{CE3C0ED7-208C-4043-89A9-19E93F1E2E46}.Debug|Any CPU.ActiveCfg = Debug|Any CPU
		{CE3C0ED7-208C-4043-89A9-19E93F1E2E46}.Debug|Any CPU.Build.0 = Debug|Any CPU
		{CE3C0ED7-208C-4043-89A9-19E93F1E2E46}.Debug|x64.ActiveCfg = Debug|Any CPU
		{CE3C0ED7-208C-4043-89A9-19E93F1E2E46}.Debug|x64.Build.0 = Debug|Any CPU
		{CE3C0ED7-208C-4043-89A9-19E93F1E2E46}.Debug|x86.ActiveCfg = Debug|Any CPU
		{CE3C0ED7-208C-4043-89A9-19E93F1E2E46}.Debug|x86.Build.0 = Debug|Any CPU
		{CE3C0ED7-208C-4043-89A9-19E93F1E2E46}.Release|Any CPU.ActiveCfg = Release|Any CPU
		{CE3C0ED7-208C-4043-89A9-19E93F1E2E46}.Release|Any CPU.Build.0 = Release|Any CPU
		{CE3C0ED7-208C-4043-89A9-19E93F1E2E46}.Release|x64.ActiveCfg = Release|Any CPU
		{CE3C0ED7-208C-4043-89A9-19E93F1E2E46}.Release|x64.Build.0 = Release|Any CPU
		{CE3C0ED7-208C-4043-89A9-19E93F1E2E46}.Release|x86.ActiveCfg = Release|Any CPU
		{CE3C0ED7-208C-4043-89A9-19E93F1E2E46}.Release|x86.Build.0 = Release|Any CPU
		{3295FD14-20DD-4E00-8B21-2A4F409FE2E8}.Debug|Any CPU.ActiveCfg = Debug|Any CPU
		{3295FD14-20DD-4E00-8B21-2A4F409FE2E8}.Debug|Any CPU.Build.0 = Debug|Any CPU
		{3295FD14-20DD-4E00-8B21-2A4F409FE2E8}.Debug|x64.ActiveCfg = Debug|Any CPU
		{3295FD14-20DD-4E00-8B21-2A4F409FE2E8}.Debug|x64.Build.0 = Debug|Any CPU
		{3295FD14-20DD-4E00-8B21-2A4F409FE2E8}.Debug|x86.ActiveCfg = Debug|Any CPU
		{3295FD14-20DD-4E00-8B21-2A4F409FE2E8}.Debug|x86.Build.0 = Debug|Any CPU
		{3295FD14-20DD-4E00-8B21-2A4F409FE2E8}.Release|Any CPU.ActiveCfg = Release|Any CPU
		{3295FD14-20DD-4E00-8B21-2A4F409FE2E8}.Release|Any CPU.Build.0 = Release|Any CPU
		{3295FD14-20DD-4E00-8B21-2A4F409FE2E8}.Release|x64.ActiveCfg = Release|Any CPU
		{3295FD14-20DD-4E00-8B21-2A4F409FE2E8}.Release|x64.Build.0 = Release|Any CPU
		{3295FD14-20DD-4E00-8B21-2A4F409FE2E8}.Release|x86.ActiveCfg = Release|Any CPU
		{3295FD14-20DD-4E00-8B21-2A4F409FE2E8}.Release|x86.Build.0 = Release|Any CPU
		{E6973C12-3D1D-4A7D-9188-F9C67B4FB691}.Debug|Any CPU.ActiveCfg = Debug|Any CPU
		{E6973C12-3D1D-4A7D-9188-F9C67B4FB691}.Debug|Any CPU.Build.0 = Debug|Any CPU
		{E6973C12-3D1D-4A7D-9188-F9C67B4FB691}.Debug|x64.ActiveCfg = Debug|Any CPU
		{E6973C12-3D1D-4A7D-9188-F9C67B4FB691}.Debug|x64.Build.0 = Debug|Any CPU
		{E6973C12-3D1D-4A7D-9188-F9C67B4FB691}.Debug|x86.ActiveCfg = Debug|Any CPU
		{E6973C12-3D1D-4A7D-9188-F9C67B4FB691}.Debug|x86.Build.0 = Debug|Any CPU
		{E6973C12-3D1D-4A7D-9188-F9C67B4FB691}.Release|Any CPU.ActiveCfg = Release|Any CPU
		{E6973C12-3D1D-4A7D-9188-F9C67B4FB691}.Release|Any CPU.Build.0 = Release|Any CPU
		{E6973C12-3D1D-4A7D-9188-F9C67B4FB691}.Release|x64.ActiveCfg = Release|Any CPU
		{E6973C12-3D1D-4A7D-9188-F9C67B4FB691}.Release|x64.Build.0 = Release|Any CPU
		{E6973C12-3D1D-4A7D-9188-F9C67B4FB691}.Release|x86.ActiveCfg = Release|Any CPU
		{E6973C12-3D1D-4A7D-9188-F9C67B4FB691}.Release|x86.Build.0 = Release|Any CPU
		{5731ED79-DFC9-41D5-8A2E-82C578AD1D96}.Debug|Any CPU.ActiveCfg = Debug|Any CPU
		{5731ED79-DFC9-41D5-8A2E-82C578AD1D96}.Debug|Any CPU.Build.0 = Debug|Any CPU
		{5731ED79-DFC9-41D5-8A2E-82C578AD1D96}.Debug|x64.ActiveCfg = Debug|Any CPU
		{5731ED79-DFC9-41D5-8A2E-82C578AD1D96}.Debug|x64.Build.0 = Debug|Any CPU
		{5731ED79-DFC9-41D5-8A2E-82C578AD1D96}.Debug|x86.ActiveCfg = Debug|Any CPU
		{5731ED79-DFC9-41D5-8A2E-82C578AD1D96}.Debug|x86.Build.0 = Debug|Any CPU
		{5731ED79-DFC9-41D5-8A2E-82C578AD1D96}.Release|Any CPU.ActiveCfg = Release|Any CPU
		{5731ED79-DFC9-41D5-8A2E-82C578AD1D96}.Release|Any CPU.Build.0 = Release|Any CPU
		{5731ED79-DFC9-41D5-8A2E-82C578AD1D96}.Release|x64.ActiveCfg = Release|Any CPU
		{5731ED79-DFC9-41D5-8A2E-82C578AD1D96}.Release|x64.Build.0 = Release|Any CPU
		{5731ED79-DFC9-41D5-8A2E-82C578AD1D96}.Release|x86.ActiveCfg = Release|Any CPU
		{5731ED79-DFC9-41D5-8A2E-82C578AD1D96}.Release|x86.Build.0 = Release|Any CPU
		{B1B07FFD-6AF3-4A01-A839-6B652E4B3429}.Debug|Any CPU.ActiveCfg = Debug|Any CPU
		{B1B07FFD-6AF3-4A01-A839-6B652E4B3429}.Debug|Any CPU.Build.0 = Debug|Any CPU
		{B1B07FFD-6AF3-4A01-A839-6B652E4B3429}.Debug|x64.ActiveCfg = Debug|Any CPU
		{B1B07FFD-6AF3-4A01-A839-6B652E4B3429}.Debug|x64.Build.0 = Debug|Any CPU
		{B1B07FFD-6AF3-4A01-A839-6B652E4B3429}.Debug|x86.ActiveCfg = Debug|Any CPU
		{B1B07FFD-6AF3-4A01-A839-6B652E4B3429}.Debug|x86.Build.0 = Debug|Any CPU
		{B1B07FFD-6AF3-4A01-A839-6B652E4B3429}.Release|Any CPU.ActiveCfg = Release|Any CPU
		{B1B07FFD-6AF3-4A01-A839-6B652E4B3429}.Release|Any CPU.Build.0 = Release|Any CPU
		{B1B07FFD-6AF3-4A01-A839-6B652E4B3429}.Release|x64.ActiveCfg = Release|Any CPU
		{B1B07FFD-6AF3-4A01-A839-6B652E4B3429}.Release|x64.Build.0 = Release|Any CPU
		{B1B07FFD-6AF3-4A01-A839-6B652E4B3429}.Release|x86.ActiveCfg = Release|Any CPU
		{B1B07FFD-6AF3-4A01-A839-6B652E4B3429}.Release|x86.Build.0 = Release|Any CPU
		{F8B93385-A26C-4363-B73A-59C324F9BE84}.Debug|Any CPU.ActiveCfg = Debug|Any CPU
		{F8B93385-A26C-4363-B73A-59C324F9BE84}.Debug|Any CPU.Build.0 = Debug|Any CPU
		{F8B93385-A26C-4363-B73A-59C324F9BE84}.Debug|x64.ActiveCfg = Debug|Any CPU
		{F8B93385-A26C-4363-B73A-59C324F9BE84}.Debug|x64.Build.0 = Debug|Any CPU
		{F8B93385-A26C-4363-B73A-59C324F9BE84}.Debug|x86.ActiveCfg = Debug|Any CPU
		{F8B93385-A26C-4363-B73A-59C324F9BE84}.Debug|x86.Build.0 = Debug|Any CPU
		{F8B93385-A26C-4363-B73A-59C324F9BE84}.Release|Any CPU.ActiveCfg = Release|Any CPU
		{F8B93385-A26C-4363-B73A-59C324F9BE84}.Release|Any CPU.Build.0 = Release|Any CPU
		{F8B93385-A26C-4363-B73A-59C324F9BE84}.Release|x64.ActiveCfg = Release|Any CPU
		{F8B93385-A26C-4363-B73A-59C324F9BE84}.Release|x64.Build.0 = Release|Any CPU
		{F8B93385-A26C-4363-B73A-59C324F9BE84}.Release|x86.ActiveCfg = Release|Any CPU
		{F8B93385-A26C-4363-B73A-59C324F9BE84}.Release|x86.Build.0 = Release|Any CPU
		{8F258322-DDFB-4E57-BA9B-E70B06EDEF82}.Debug|Any CPU.ActiveCfg = Debug|Any CPU
		{8F258322-DDFB-4E57-BA9B-E70B06EDEF82}.Debug|Any CPU.Build.0 = Debug|Any CPU
		{8F258322-DDFB-4E57-BA9B-E70B06EDEF82}.Debug|x64.ActiveCfg = Debug|Any CPU
		{8F258322-DDFB-4E57-BA9B-E70B06EDEF82}.Debug|x64.Build.0 = Debug|Any CPU
		{8F258322-DDFB-4E57-BA9B-E70B06EDEF82}.Debug|x86.ActiveCfg = Debug|Any CPU
		{8F258322-DDFB-4E57-BA9B-E70B06EDEF82}.Debug|x86.Build.0 = Debug|Any CPU
		{8F258322-DDFB-4E57-BA9B-E70B06EDEF82}.Release|Any CPU.ActiveCfg = Release|Any CPU
		{8F258322-DDFB-4E57-BA9B-E70B06EDEF82}.Release|Any CPU.Build.0 = Release|Any CPU
		{8F258322-DDFB-4E57-BA9B-E70B06EDEF82}.Release|x64.ActiveCfg = Release|Any CPU
		{8F258322-DDFB-4E57-BA9B-E70B06EDEF82}.Release|x64.Build.0 = Release|Any CPU
		{8F258322-DDFB-4E57-BA9B-E70B06EDEF82}.Release|x86.ActiveCfg = Release|Any CPU
		{8F258322-DDFB-4E57-BA9B-E70B06EDEF82}.Release|x86.Build.0 = Release|Any CPU
		{8C148A22-B1DE-44F2-AEA8-90853DCA6EFE}.Debug|Any CPU.ActiveCfg = Debug|Any CPU
		{8C148A22-B1DE-44F2-AEA8-90853DCA6EFE}.Debug|Any CPU.Build.0 = Debug|Any CPU
		{8C148A22-B1DE-44F2-AEA8-90853DCA6EFE}.Debug|x64.ActiveCfg = Debug|Any CPU
		{8C148A22-B1DE-44F2-AEA8-90853DCA6EFE}.Debug|x64.Build.0 = Debug|Any CPU
		{8C148A22-B1DE-44F2-AEA8-90853DCA6EFE}.Debug|x86.ActiveCfg = Debug|Any CPU
		{8C148A22-B1DE-44F2-AEA8-90853DCA6EFE}.Debug|x86.Build.0 = Debug|Any CPU
		{8C148A22-B1DE-44F2-AEA8-90853DCA6EFE}.Release|Any CPU.ActiveCfg = Release|Any CPU
		{8C148A22-B1DE-44F2-AEA8-90853DCA6EFE}.Release|Any CPU.Build.0 = Release|Any CPU
		{8C148A22-B1DE-44F2-AEA8-90853DCA6EFE}.Release|x64.ActiveCfg = Release|Any CPU
		{8C148A22-B1DE-44F2-AEA8-90853DCA6EFE}.Release|x64.Build.0 = Release|Any CPU
		{8C148A22-B1DE-44F2-AEA8-90853DCA6EFE}.Release|x86.ActiveCfg = Release|Any CPU
		{8C148A22-B1DE-44F2-AEA8-90853DCA6EFE}.Release|x86.Build.0 = Release|Any CPU
		{6E3BDDD2-540E-4B95-96CB-A9BF119E1241}.Debug|Any CPU.ActiveCfg = Debug|Any CPU
		{6E3BDDD2-540E-4B95-96CB-A9BF119E1241}.Debug|Any CPU.Build.0 = Debug|Any CPU
		{6E3BDDD2-540E-4B95-96CB-A9BF119E1241}.Debug|x64.ActiveCfg = Debug|Any CPU
		{6E3BDDD2-540E-4B95-96CB-A9BF119E1241}.Debug|x64.Build.0 = Debug|Any CPU
		{6E3BDDD2-540E-4B95-96CB-A9BF119E1241}.Debug|x86.ActiveCfg = Debug|Any CPU
		{6E3BDDD2-540E-4B95-96CB-A9BF119E1241}.Debug|x86.Build.0 = Debug|Any CPU
		{6E3BDDD2-540E-4B95-96CB-A9BF119E1241}.Release|Any CPU.ActiveCfg = Release|Any CPU
		{6E3BDDD2-540E-4B95-96CB-A9BF119E1241}.Release|Any CPU.Build.0 = Release|Any CPU
		{6E3BDDD2-540E-4B95-96CB-A9BF119E1241}.Release|x64.ActiveCfg = Release|Any CPU
		{6E3BDDD2-540E-4B95-96CB-A9BF119E1241}.Release|x64.Build.0 = Release|Any CPU
		{6E3BDDD2-540E-4B95-96CB-A9BF119E1241}.Release|x86.ActiveCfg = Release|Any CPU
		{6E3BDDD2-540E-4B95-96CB-A9BF119E1241}.Release|x86.Build.0 = Release|Any CPU
		{BE0A618C-AB04-4CCE-8831-8495A8A1E18E}.Debug|Any CPU.ActiveCfg = Debug|Any CPU
		{BE0A618C-AB04-4CCE-8831-8495A8A1E18E}.Debug|Any CPU.Build.0 = Debug|Any CPU
		{BE0A618C-AB04-4CCE-8831-8495A8A1E18E}.Debug|x64.ActiveCfg = Debug|Any CPU
		{BE0A618C-AB04-4CCE-8831-8495A8A1E18E}.Debug|x64.Build.0 = Debug|Any CPU
		{BE0A618C-AB04-4CCE-8831-8495A8A1E18E}.Debug|x86.ActiveCfg = Debug|Any CPU
		{BE0A618C-AB04-4CCE-8831-8495A8A1E18E}.Debug|x86.Build.0 = Debug|Any CPU
		{BE0A618C-AB04-4CCE-8831-8495A8A1E18E}.Release|Any CPU.ActiveCfg = Release|Any CPU
		{BE0A618C-AB04-4CCE-8831-8495A8A1E18E}.Release|Any CPU.Build.0 = Release|Any CPU
		{BE0A618C-AB04-4CCE-8831-8495A8A1E18E}.Release|x64.ActiveCfg = Release|Any CPU
		{BE0A618C-AB04-4CCE-8831-8495A8A1E18E}.Release|x64.Build.0 = Release|Any CPU
		{BE0A618C-AB04-4CCE-8831-8495A8A1E18E}.Release|x86.ActiveCfg = Release|Any CPU
		{BE0A618C-AB04-4CCE-8831-8495A8A1E18E}.Release|x86.Build.0 = Release|Any CPU
		{16D637F8-9898-44D2-B18E-6D28CD15F2A7}.Debug|Any CPU.ActiveCfg = Release|Any CPU
		{16D637F8-9898-44D2-B18E-6D28CD15F2A7}.Debug|Any CPU.Build.0 = Release|Any CPU
		{16D637F8-9898-44D2-B18E-6D28CD15F2A7}.Debug|x64.ActiveCfg = Release|Any CPU
		{16D637F8-9898-44D2-B18E-6D28CD15F2A7}.Debug|x64.Build.0 = Release|Any CPU
		{16D637F8-9898-44D2-B18E-6D28CD15F2A7}.Debug|x86.ActiveCfg = Release|Any CPU
		{16D637F8-9898-44D2-B18E-6D28CD15F2A7}.Debug|x86.Build.0 = Release|Any CPU
		{16D637F8-9898-44D2-B18E-6D28CD15F2A7}.Release|Any CPU.ActiveCfg = Release|Any CPU
		{16D637F8-9898-44D2-B18E-6D28CD15F2A7}.Release|Any CPU.Build.0 = Release|Any CPU
		{16D637F8-9898-44D2-B18E-6D28CD15F2A7}.Release|x64.ActiveCfg = Release|Any CPU
		{16D637F8-9898-44D2-B18E-6D28CD15F2A7}.Release|x64.Build.0 = Release|Any CPU
		{16D637F8-9898-44D2-B18E-6D28CD15F2A7}.Release|x86.ActiveCfg = Release|Any CPU
		{16D637F8-9898-44D2-B18E-6D28CD15F2A7}.Release|x86.Build.0 = Release|Any CPU
		{F1FD937B-C84E-4F6C-B533-4982BD43914F}.Debug|Any CPU.ActiveCfg = Debug|x86
		{F1FD937B-C84E-4F6C-B533-4982BD43914F}.Debug|x64.ActiveCfg = Debug|x86
		{F1FD937B-C84E-4F6C-B533-4982BD43914F}.Debug|x86.ActiveCfg = Debug|x86
		{F1FD937B-C84E-4F6C-B533-4982BD43914F}.Debug|x86.Build.0 = Debug|x86
		{F1FD937B-C84E-4F6C-B533-4982BD43914F}.Release|Any CPU.ActiveCfg = Release|x86
		{F1FD937B-C84E-4F6C-B533-4982BD43914F}.Release|x64.ActiveCfg = Release|x86
		{F1FD937B-C84E-4F6C-B533-4982BD43914F}.Release|x86.ActiveCfg = Release|x86
		{F1FD937B-C84E-4F6C-B533-4982BD43914F}.Release|x86.Build.0 = Release|x86
		{097D9D7A-ABEF-4409-AAD2-624EF14F63A6}.Debug|Any CPU.ActiveCfg = Debug|Any CPU
		{097D9D7A-ABEF-4409-AAD2-624EF14F63A6}.Debug|Any CPU.Build.0 = Debug|Any CPU
		{097D9D7A-ABEF-4409-AAD2-624EF14F63A6}.Debug|x64.ActiveCfg = Debug|Any CPU
		{097D9D7A-ABEF-4409-AAD2-624EF14F63A6}.Debug|x64.Build.0 = Debug|Any CPU
		{097D9D7A-ABEF-4409-AAD2-624EF14F63A6}.Debug|x86.ActiveCfg = Debug|Any CPU
		{097D9D7A-ABEF-4409-AAD2-624EF14F63A6}.Debug|x86.Build.0 = Debug|Any CPU
		{097D9D7A-ABEF-4409-AAD2-624EF14F63A6}.Release|Any CPU.ActiveCfg = Release|Any CPU
		{097D9D7A-ABEF-4409-AAD2-624EF14F63A6}.Release|Any CPU.Build.0 = Release|Any CPU
		{097D9D7A-ABEF-4409-AAD2-624EF14F63A6}.Release|x64.ActiveCfg = Release|Any CPU
		{097D9D7A-ABEF-4409-AAD2-624EF14F63A6}.Release|x64.Build.0 = Release|Any CPU
		{097D9D7A-ABEF-4409-AAD2-624EF14F63A6}.Release|x86.ActiveCfg = Release|Any CPU
		{097D9D7A-ABEF-4409-AAD2-624EF14F63A6}.Release|x86.Build.0 = Release|Any CPU
		{E5295DF8-8E87-467F-B0E5-B914161C3016}.Debug|Any CPU.ActiveCfg = Debug|Any CPU
		{E5295DF8-8E87-467F-B0E5-B914161C3016}.Debug|Any CPU.Build.0 = Debug|Any CPU
		{E5295DF8-8E87-467F-B0E5-B914161C3016}.Debug|x64.ActiveCfg = Debug|Any CPU
		{E5295DF8-8E87-467F-B0E5-B914161C3016}.Debug|x64.Build.0 = Debug|Any CPU
		{E5295DF8-8E87-467F-B0E5-B914161C3016}.Debug|x86.ActiveCfg = Debug|Any CPU
		{E5295DF8-8E87-467F-B0E5-B914161C3016}.Debug|x86.Build.0 = Debug|Any CPU
		{E5295DF8-8E87-467F-B0E5-B914161C3016}.Release|Any CPU.ActiveCfg = Release|Any CPU
		{E5295DF8-8E87-467F-B0E5-B914161C3016}.Release|Any CPU.Build.0 = Release|Any CPU
		{E5295DF8-8E87-467F-B0E5-B914161C3016}.Release|x64.ActiveCfg = Release|Any CPU
		{E5295DF8-8E87-467F-B0E5-B914161C3016}.Release|x64.Build.0 = Release|Any CPU
		{E5295DF8-8E87-467F-B0E5-B914161C3016}.Release|x86.ActiveCfg = Release|Any CPU
		{E5295DF8-8E87-467F-B0E5-B914161C3016}.Release|x86.Build.0 = Release|Any CPU
		{4F428783-F8A0-4553-B2FD-5307FF8FEA45}.Debug|Any CPU.ActiveCfg = Debug|x86
		{4F428783-F8A0-4553-B2FD-5307FF8FEA45}.Debug|x64.ActiveCfg = Debug|x64
		{4F428783-F8A0-4553-B2FD-5307FF8FEA45}.Debug|x64.Build.0 = Debug|x64
		{4F428783-F8A0-4553-B2FD-5307FF8FEA45}.Debug|x86.ActiveCfg = Debug|x86
		{4F428783-F8A0-4553-B2FD-5307FF8FEA45}.Debug|x86.Build.0 = Debug|x86
		{4F428783-F8A0-4553-B2FD-5307FF8FEA45}.Release|Any CPU.ActiveCfg = Release|x86
		{4F428783-F8A0-4553-B2FD-5307FF8FEA45}.Release|x64.ActiveCfg = Release|x64
		{4F428783-F8A0-4553-B2FD-5307FF8FEA45}.Release|x64.Build.0 = Release|x64
		{4F428783-F8A0-4553-B2FD-5307FF8FEA45}.Release|x86.ActiveCfg = Release|x86
		{4F428783-F8A0-4553-B2FD-5307FF8FEA45}.Release|x86.Build.0 = Release|x86
		{793E38DD-D2B9-4798-A33B-9894A68F7ED9}.Debug|Any CPU.ActiveCfg = Debug|Any CPU
		{793E38DD-D2B9-4798-A33B-9894A68F7ED9}.Debug|Any CPU.Build.0 = Debug|Any CPU
		{793E38DD-D2B9-4798-A33B-9894A68F7ED9}.Debug|x64.ActiveCfg = Debug|x64
		{793E38DD-D2B9-4798-A33B-9894A68F7ED9}.Debug|x64.Build.0 = Debug|x64
		{793E38DD-D2B9-4798-A33B-9894A68F7ED9}.Debug|x86.ActiveCfg = Debug|x86
		{793E38DD-D2B9-4798-A33B-9894A68F7ED9}.Debug|x86.Build.0 = Debug|x86
		{793E38DD-D2B9-4798-A33B-9894A68F7ED9}.Release|Any CPU.ActiveCfg = Release|Any CPU
		{793E38DD-D2B9-4798-A33B-9894A68F7ED9}.Release|Any CPU.Build.0 = Release|Any CPU
		{793E38DD-D2B9-4798-A33B-9894A68F7ED9}.Release|x64.ActiveCfg = Release|x64
		{793E38DD-D2B9-4798-A33B-9894A68F7ED9}.Release|x64.Build.0 = Release|x64
		{793E38DD-D2B9-4798-A33B-9894A68F7ED9}.Release|x86.ActiveCfg = Release|x86
		{793E38DD-D2B9-4798-A33B-9894A68F7ED9}.Release|x86.Build.0 = Release|x86
		{B0E6F544-8904-4503-80B5-134E9C8D45AC}.Debug|Any CPU.ActiveCfg = Debug|Any CPU
		{B0E6F544-8904-4503-80B5-134E9C8D45AC}.Debug|Any CPU.Build.0 = Debug|Any CPU
		{B0E6F544-8904-4503-80B5-134E9C8D45AC}.Debug|x64.ActiveCfg = Debug|x64
		{B0E6F544-8904-4503-80B5-134E9C8D45AC}.Debug|x64.Build.0 = Debug|x64
		{B0E6F544-8904-4503-80B5-134E9C8D45AC}.Debug|x86.ActiveCfg = Debug|x86
		{B0E6F544-8904-4503-80B5-134E9C8D45AC}.Debug|x86.Build.0 = Debug|x86
		{B0E6F544-8904-4503-80B5-134E9C8D45AC}.Release|Any CPU.ActiveCfg = Release|Any CPU
		{B0E6F544-8904-4503-80B5-134E9C8D45AC}.Release|Any CPU.Build.0 = Release|Any CPU
		{B0E6F544-8904-4503-80B5-134E9C8D45AC}.Release|x64.ActiveCfg = Release|x64
		{B0E6F544-8904-4503-80B5-134E9C8D45AC}.Release|x64.Build.0 = Release|x64
		{B0E6F544-8904-4503-80B5-134E9C8D45AC}.Release|x86.ActiveCfg = Release|x86
		{B0E6F544-8904-4503-80B5-134E9C8D45AC}.Release|x86.Build.0 = Release|x86
		{E2BBA9E9-9D6A-43DB-BE77-461E97BDAF0A}.Debug|Any CPU.ActiveCfg = Debug|Any CPU
		{E2BBA9E9-9D6A-43DB-BE77-461E97BDAF0A}.Debug|Any CPU.Build.0 = Debug|Any CPU
		{E2BBA9E9-9D6A-43DB-BE77-461E97BDAF0A}.Debug|x64.ActiveCfg = Debug|Any CPU
		{E2BBA9E9-9D6A-43DB-BE77-461E97BDAF0A}.Debug|x64.Build.0 = Debug|Any CPU
		{E2BBA9E9-9D6A-43DB-BE77-461E97BDAF0A}.Debug|x86.ActiveCfg = Debug|Any CPU
		{E2BBA9E9-9D6A-43DB-BE77-461E97BDAF0A}.Debug|x86.Build.0 = Debug|Any CPU
		{E2BBA9E9-9D6A-43DB-BE77-461E97BDAF0A}.Release|Any CPU.ActiveCfg = Release|Any CPU
		{E2BBA9E9-9D6A-43DB-BE77-461E97BDAF0A}.Release|Any CPU.Build.0 = Release|Any CPU
		{E2BBA9E9-9D6A-43DB-BE77-461E97BDAF0A}.Release|x64.ActiveCfg = Release|Any CPU
		{E2BBA9E9-9D6A-43DB-BE77-461E97BDAF0A}.Release|x64.Build.0 = Release|Any CPU
		{E2BBA9E9-9D6A-43DB-BE77-461E97BDAF0A}.Release|x86.ActiveCfg = Release|Any CPU
		{E2BBA9E9-9D6A-43DB-BE77-461E97BDAF0A}.Release|x86.Build.0 = Release|Any CPU
	EndGlobalSection
	GlobalSection(SolutionProperties) = preSolution
		HideSolutionNode = FALSE
	EndGlobalSection
	GlobalSection(NestedProjects) = preSolution
		{CD3EEFDE-74ED-48DA-8E82-1E6ABAB1A140} = {18053151-C483-42A6-967D-4DA644F6A210}
		{838570D2-DB6A-4D32-8E69-F2FC0E11B316} = {A0C2C9F8-0AFD-4623-ADE3-40AA966DD037}
		{CE3C0ED7-208C-4043-89A9-19E93F1E2E46} = {18053151-C483-42A6-967D-4DA644F6A210}
		{3295FD14-20DD-4E00-8B21-2A4F409FE2E8} = {18053151-C483-42A6-967D-4DA644F6A210}
		{E6973C12-3D1D-4A7D-9188-F9C67B4FB691} = {A0C2C9F8-0AFD-4623-ADE3-40AA966DD037}
		{5731ED79-DFC9-41D5-8A2E-82C578AD1D96} = {D6141927-78B8-4569-AAAF-F0B82F32FFB5}
		{B1B07FFD-6AF3-4A01-A839-6B652E4B3429} = {D6141927-78B8-4569-AAAF-F0B82F32FFB5}
		{F8B93385-A26C-4363-B73A-59C324F9BE84} = {D6141927-78B8-4569-AAAF-F0B82F32FFB5}
		{8F258322-DDFB-4E57-BA9B-E70B06EDEF82} = {D6141927-78B8-4569-AAAF-F0B82F32FFB5}
		{8C148A22-B1DE-44F2-AEA8-90853DCA6EFE} = {D6141927-78B8-4569-AAAF-F0B82F32FFB5}
		{6E3BDDD2-540E-4B95-96CB-A9BF119E1241} = {D6141927-78B8-4569-AAAF-F0B82F32FFB5}
		{BE0A618C-AB04-4CCE-8831-8495A8A1E18E} = {D6141927-78B8-4569-AAAF-F0B82F32FFB5}
		{16D637F8-9898-44D2-B18E-6D28CD15F2A7} = {18053151-C483-42A6-967D-4DA644F6A210}
		{F1FD937B-C84E-4F6C-B533-4982BD43914F} = {D6141927-78B8-4569-AAAF-F0B82F32FFB5}
		{097D9D7A-ABEF-4409-AAD2-624EF14F63A6} = {A0C2C9F8-0AFD-4623-ADE3-40AA966DD037}
	EndGlobalSection
	GlobalSection(ExtensibilityGlobals) = postSolution
		SolutionGuid = {A58C8EF4-21D5-42DC-B4CD-6832B4CC9966}
	EndGlobalSection
	GlobalSection(Performance) = preSolution
		HasPerformanceSessions = true
	EndGlobalSection
	GlobalSection(Performance) = preSolution
		HasPerformanceSessions = true
	EndGlobalSection
EndGlobal
